
Microsoft Visual Studio Solution File, Format Version 12.00
# Visual Studio 15
VisualStudioVersion = 15.0.28010.2026
MinimumVisualStudioVersion = 10.0.40219.1
Project("{2150E333-8FDC-42A3-9474-1A3956D46DE8}") = "BusinessLayer", "BusinessLayer", "{2E99CD1E-877A-4619-A428-87B8F8D4897E}"
EndProject
Project("{2150E333-8FDC-42A3-9474-1A3956D46DE8}") = "DataAccessLayer", "DataAccessLayer", "{DBFB5F3C-B6FB-4F91-8AB1-A651070DCE54}"
EndProject
Project("{2150E333-8FDC-42A3-9474-1A3956D46DE8}") = "DownloadWebServicess", "DownloadWebServicess", "{FCDBD9F1-4E7C-4A10-975F-4C148AB5D5E6}"
EndProject
Project("{FAE04EC0-301F-11D3-BF4B-00C04F79EFBC}") = "IBusiness", "IBusiness\IBusiness.csproj", "{C6AD3441-2AB2-4CC5-A41E-5EB9BB545A54}"
EndProject
Project("{FAE04EC0-301F-11D3-BF4B-00C04F79EFBC}") = "Business", "Business\Business.csproj", "{2A691997-0EA6-444C-B1B6-6395580B0415}"
EndProject
Project("{FAE04EC0-301F-11D3-BF4B-00C04F79EFBC}") = "IDataAccess", "IDataAccess\IDataAccess.csproj", "{16C95DEA-2B15-46C6-8708-4832582C7EE2}"
EndProject
Project("{FAE04EC0-301F-11D3-BF4B-00C04F79EFBC}") = "DataAccess", "DataAccess\DataAccess.csproj", "{1EC3D238-0F5E-4906-A9D1-386CFE8A2F73}"
EndProject
Project("{FAE04EC0-301F-11D3-BF4B-00C04F79EFBC}") = "Services", "Services\Services.csproj", "{B31124B6-5D0D-4C00-9D6A-014709EEF10C}"
EndProject
Project("{FAE04EC0-301F-11D3-BF4B-00C04F79EFBC}") = "Services.Tests", "Services.Tests\Services.Tests.csproj", "{1D5890B7-D9AD-4F92-8F91-A350DD7A9BB9}"
EndProject
Project("{2150E333-8FDC-42A3-9474-1A3956D46DE8}") = "Helpers", "Helpers", "{FD5814F4-DD41-4F50-9536-D667BB84DA1D}"
EndProject
Project("{FAE04EC0-301F-11D3-BF4B-00C04F79EFBC}") = "Logger", "Logger\Logger.csproj", "{3236308D-BC36-4EF0-A80E-5904CC741BEF}"
EndProject
Project("{FAE04EC0-301F-11D3-BF4B-00C04F79EFBC}") = "DomainModels", "DataModel\DomainModels.csproj", "{E675832E-15BD-48F2-BC58-D93D621AAB11}"
EndProject
Project("{FAE04EC0-301F-11D3-BF4B-00C04F79EFBC}") = "ViewModels", "ViewModels\ViewModels.csproj", "{07D560F6-394F-4A4D-AC9B-DB246C677289}"
EndProject
Project("{FAE04EC0-301F-11D3-BF4B-00C04F79EFBC}") = "IDomainModels", "IDomainModels\IDomainModels.csproj", "{B54C1636-7DDE-482B-83BB-3BCC04B8D13C}"
EndProject
Project("{FAE04EC0-301F-11D3-BF4B-00C04F79EFBC}") = "IViewModels", "IViewModels\IViewModels.csproj", "{9955E9D3-8A0B-4B01-90E2-EEE0BD4F626E}"
EndProject
Global
	GlobalSection(SolutionConfigurationPlatforms) = preSolution
		Debug|Any CPU = Debug|Any CPU
		Release|Any CPU = Release|Any CPU
	EndGlobalSection
	GlobalSection(ProjectConfigurationPlatforms) = postSolution
		{C6AD3441-2AB2-4CC5-A41E-5EB9BB545A54}.Debug|Any CPU.ActiveCfg = Debug|Any CPU
		{C6AD3441-2AB2-4CC5-A41E-5EB9BB545A54}.Debug|Any CPU.Build.0 = Debug|Any CPU
		{C6AD3441-2AB2-4CC5-A41E-5EB9BB545A54}.Release|Any CPU.ActiveCfg = Release|Any CPU
		{C6AD3441-2AB2-4CC5-A41E-5EB9BB545A54}.Release|Any CPU.Build.0 = Release|Any CPU
		{2A691997-0EA6-444C-B1B6-6395580B0415}.Debug|Any CPU.ActiveCfg = Debug|Any CPU
		{2A691997-0EA6-444C-B1B6-6395580B0415}.Debug|Any CPU.Build.0 = Debug|Any CPU
		{2A691997-0EA6-444C-B1B6-6395580B0415}.Release|Any CPU.ActiveCfg = Release|Any CPU
		{2A691997-0EA6-444C-B1B6-6395580B0415}.Release|Any CPU.Build.0 = Release|Any CPU
		{16C95DEA-2B15-46C6-8708-4832582C7EE2}.Debug|Any CPU.ActiveCfg = Debug|Any CPU
		{16C95DEA-2B15-46C6-8708-4832582C7EE2}.Debug|Any CPU.Build.0 = Debug|Any CPU
		{16C95DEA-2B15-46C6-8708-4832582C7EE2}.Release|Any CPU.ActiveCfg = Release|Any CPU
		{16C95DEA-2B15-46C6-8708-4832582C7EE2}.Release|Any CPU.Build.0 = Release|Any CPU
		{1EC3D238-0F5E-4906-A9D1-386CFE8A2F73}.Debug|Any CPU.ActiveCfg = Debug|Any CPU
		{1EC3D238-0F5E-4906-A9D1-386CFE8A2F73}.Debug|Any CPU.Build.0 = Debug|Any CPU
		{1EC3D238-0F5E-4906-A9D1-386CFE8A2F73}.Release|Any CPU.ActiveCfg = Release|Any CPU
		{1EC3D238-0F5E-4906-A9D1-386CFE8A2F73}.Release|Any CPU.Build.0 = Release|Any CPU
		{B31124B6-5D0D-4C00-9D6A-014709EEF10C}.Debug|Any CPU.ActiveCfg = Debug|Any CPU
		{B31124B6-5D0D-4C00-9D6A-014709EEF10C}.Debug|Any CPU.Build.0 = Debug|Any CPU
		{B31124B6-5D0D-4C00-9D6A-014709EEF10C}.Release|Any CPU.ActiveCfg = Release|Any CPU
		{B31124B6-5D0D-4C00-9D6A-014709EEF10C}.Release|Any CPU.Build.0 = Release|Any CPU
		{1D5890B7-D9AD-4F92-8F91-A350DD7A9BB9}.Debug|Any CPU.ActiveCfg = Debug|Any CPU
		{1D5890B7-D9AD-4F92-8F91-A350DD7A9BB9}.Debug|Any CPU.Build.0 = Debug|Any CPU
		{1D5890B7-D9AD-4F92-8F91-A350DD7A9BB9}.Release|Any CPU.ActiveCfg = Release|Any CPU
		{1D5890B7-D9AD-4F92-8F91-A350DD7A9BB9}.Release|Any CPU.Build.0 = Release|Any CPU
		{3236308D-BC36-4EF0-A80E-5904CC741BEF}.Debug|Any CPU.ActiveCfg = Debug|Any CPU
		{3236308D-BC36-4EF0-A80E-5904CC741BEF}.Debug|Any CPU.Build.0 = Debug|Any CPU
		{3236308D-BC36-4EF0-A80E-5904CC741BEF}.Release|Any CPU.ActiveCfg = Release|Any CPU
		{3236308D-BC36-4EF0-A80E-5904CC741BEF}.Release|Any CPU.Build.0 = Release|Any CPU
		{E675832E-15BD-48F2-BC58-D93D621AAB11}.Debug|Any CPU.ActiveCfg = Debug|Any CPU
		{E675832E-15BD-48F2-BC58-D93D621AAB11}.Debug|Any CPU.Build.0 = Debug|Any CPU
		{E675832E-15BD-48F2-BC58-D93D621AAB11}.Release|Any CPU.ActiveCfg = Release|Any CPU
		{E675832E-15BD-48F2-BC58-D93D621AAB11}.Release|Any CPU.Build.0 = Release|Any CPU
		{07D560F6-394F-4A4D-AC9B-DB246C677289}.Debug|Any CPU.ActiveCfg = Debug|Any CPU
		{07D560F6-394F-4A4D-AC9B-DB246C677289}.Debug|Any CPU.Build.0 = Debug|Any CPU
		{07D560F6-394F-4A4D-AC9B-DB246C677289}.Release|Any CPU.ActiveCfg = Release|Any CPU
		{07D560F6-394F-4A4D-AC9B-DB246C677289}.Release|Any CPU.Build.0 = Release|Any CPU
		{B54C1636-7DDE-482B-83BB-3BCC04B8D13C}.Debug|Any CPU.ActiveCfg = Debug|Any CPU
		{B54C1636-7DDE-482B-83BB-3BCC04B8D13C}.Debug|Any CPU.Build.0 = Debug|Any CPU
		{B54C1636-7DDE-482B-83BB-3BCC04B8D13C}.Release|Any CPU.ActiveCfg = Release|Any CPU
		{B54C1636-7DDE-482B-83BB-3BCC04B8D13C}.Release|Any CPU.Build.0 = Release|Any CPU
		{9955E9D3-8A0B-4B01-90E2-EEE0BD4F626E}.Debug|Any CPU.ActiveCfg = Debug|Any CPU
		{9955E9D3-8A0B-4B01-90E2-EEE0BD4F626E}.Debug|Any CPU.Build.0 = Debug|Any CPU
		{9955E9D3-8A0B-4B01-90E2-EEE0BD4F626E}.Release|Any CPU.ActiveCfg = Release|Any CPU
		{9955E9D3-8A0B-4B01-90E2-EEE0BD4F626E}.Release|Any CPU.Build.0 = Release|Any CPU
	EndGlobalSection
	GlobalSection(SolutionProperties) = preSolution
		HideSolutionNode = FALSE
	EndGlobalSection
	GlobalSection(NestedProjects) = preSolution
		{C6AD3441-2AB2-4CC5-A41E-5EB9BB545A54} = {2E99CD1E-877A-4619-A428-87B8F8D4897E}
		{2A691997-0EA6-444C-B1B6-6395580B0415} = {2E99CD1E-877A-4619-A428-87B8F8D4897E}
		{16C95DEA-2B15-46C6-8708-4832582C7EE2} = {DBFB5F3C-B6FB-4F91-8AB1-A651070DCE54}
		{1EC3D238-0F5E-4906-A9D1-386CFE8A2F73} = {DBFB5F3C-B6FB-4F91-8AB1-A651070DCE54}
		{B31124B6-5D0D-4C00-9D6A-014709EEF10C} = {FCDBD9F1-4E7C-4A10-975F-4C148AB5D5E6}
		{1D5890B7-D9AD-4F92-8F91-A350DD7A9BB9} = {FCDBD9F1-4E7C-4A10-975F-4C148AB5D5E6}
		{3236308D-BC36-4EF0-A80E-5904CC741BEF} = {FD5814F4-DD41-4F50-9536-D667BB84DA1D}
		{E675832E-15BD-48F2-BC58-D93D621AAB11} = {DBFB5F3C-B6FB-4F91-8AB1-A651070DCE54}
		{07D560F6-394F-4A4D-AC9B-DB246C677289} = {2E99CD1E-877A-4619-A428-87B8F8D4897E}
		{B54C1636-7DDE-482B-83BB-3BCC04B8D13C} = {DBFB5F3C-B6FB-4F91-8AB1-A651070DCE54}
		{9955E9D3-8A0B-4B01-90E2-EEE0BD4F626E} = {2E99CD1E-877A-4619-A428-87B8F8D4897E}
	EndGlobalSection
	GlobalSection(ExtensibilityGlobals) = postSolution
		SolutionGuid = {0AAEE75D-02DA-4996-B073-CAA0B614BB6A}
	EndGlobalSection
EndGlobal
